
Microsoft Visual Studio Solution File, Format Version 12.00
# Visual Studio Version 17
VisualStudioVersion = 17.2.32616.157
MinimumVisualStudioVersion = 10.0.40219.1
Project("{FAE04EC0-301F-11D3-BF4B-00C04F79EFBC}") = "DynamicForm", "DynamicForm.csproj", "{4BC8148C-4299-4B51-B63C-C7E795B43422}"
EndProject
Global
	GlobalSection(SolutionConfigurationPlatforms) = preSolution
		Debug|Any CPU = Debug|Any CPU
		Release|Any CPU = Release|Any CPU
	EndGlobalSection
	GlobalSection(ProjectConfigurationPlatforms) = postSolution
		{4BC8148C-4299-4B51-B63C-C7E795B43422}.Debug|Any CPU.ActiveCfg = Debug|Any CPU
		{4BC8148C-4299-4B51-B63C-C7E795B43422}.Debug|Any CPU.Build.0 = Debug|Any CPU
		{4BC8148C-4299-4B51-B63C-C7E795B43422}.Release|Any CPU.ActiveCfg = Release|Any CPU
		{4BC8148C-4299-4B51-B63C-C7E795B43422}.Release|Any CPU.Build.0 = Release|Any CPU
	EndGlobalSection
	GlobalSection(SolutionProperties) = preSolution
		HideSolutionNode = FALSE
	EndGlobalSection
	GlobalSection(ExtensibilityGlobals) = postSolution
		SolutionGuid = {86972687-7181-47E1-911A-D7CE801E0F84}
	EndGlobalSection
EndGlobal
